{"SurveyEntry":{"SurveyID":"SV_5jLUr1d1F0v3G8m","SurveyName":"Rubber Project - Judgment 2","SurveyDescription":null,"SurveyOwnerID":"UR_cu5iCbe0j1367lQ","SurveyBrandID":"rowan","DivisionID":null,"SurveyLanguage":"EN","SurveyActiveResponseSet":"RS_1MsRiifawov6MjI","SurveyStatus":"Inactive","SurveyStartDate":"0000-00-00 00:00:00","SurveyExpirationDate":"0000-00-00 00:00:00","SurveyCreationDate":"2023-07-31 07:59:23","CreatorID":"UR_cu5iCbe0j1367lQ","LastModified":"2025-04-08 08:11:16","LastAccessed":"0000-00-00 00:00:00","LastActivated":"2023-08-02 09:04:43","Deleted":null},"SurveyElements":[{"SurveyID":"SV_5jLUr1d1F0v3G8m","Element":"BL","PrimaryAttribute":"Survey Blocks","SecondaryAttribute":null,"TertiaryAttribute":null,"Payload":[{"Type":"Default","Description":"Default Question Block","ID":"BL_5C6180U5L0RrAsS","BlockElements":[{"Type":"Question","QuestionID":"QID9"},{"Type":"Question","QuestionID":"QID2"},{"Type":"Question","QuestionID":"QID10"}]},{"Type":"Trash","Description":"Trash \/ Unused Questions","ID":"BL_byLygsjnGgb5HcG","BlockElements":[]},{"Type":"Standard","SubType":"","Description":"Email Prompt","ID":"BL_cNk8vysyAtnaZ3o","BlockElements":[{"Type":"Question","QuestionID":"QID11"},{"Type":"Question","QuestionID":"QID3"}]},{"Type":"Standard","SubType":"","Description":"Character Reply","ID":"BL_3ye07hYwqAVpFbM","BlockElements":[{"Type":"Question","QuestionID":"QID12"},{"Type":"Question","QuestionID":"QID6"},{"Type":"Question","QuestionID":"QID7"},{"Type":"Question","QuestionID":"QID13"}]},{"Type":"Standard","SubType":"","Description":"Choice (Leadership vs Time)","ID":"BL_4Z8dS25LYBF8BqS","BlockElements":[{"Type":"Question","QuestionID":"QID4"},{"Type":"Question","QuestionID":"QID5"}]}]},{"SurveyID":"SV_5jLUr1d1F0v3G8m","Element":"FL","PrimaryAttribute":"Survey Flow","SecondaryAttribute":null,"TertiaryAttribute":null,"Payload":{"Flow":[{"ID":"BL_5C6180U5L0RrAsS","Type":"Block","FlowID":"FL_2"},{"ID":"BL_cNk8vysyAtnaZ3o","Type":"Standard","FlowID":"FL_3"},{"ID":"BL_4Z8dS25LYBF8BqS","Type":"Standard","FlowID":"FL_5"},{"ID":"BL_3ye07hYwqAVpFbM","Type":"Standard","FlowID":"FL_4"}],"Properties":{"Count":5},"FlowID":"FL_1","Type":"Root"}},{"SurveyID":"SV_5jLUr1d1F0v3G8m","Element":"PL","PrimaryAttribute":"Preview Link","SecondaryAttribute":null,"TertiaryAttribute":null,"Payload":{"PreviewType":"Brand","PreviewID":"881bdec2-0bf1-4f40-bf31-75f10fc32307"}},{"SurveyID":"SV_5jLUr1d1F0v3G8m","Element":"PROJ","PrimaryAttribute":"CORE","SecondaryAttribute":null,"TertiaryAttribute":"1.1.0","Payload":{"ProjectCategory":"CORE","SchemaVersion":"1.1.0"}},{"SurveyID":"SV_5jLUr1d1F0v3G8m","Element":"QC","PrimaryAttribute":"Survey Question Count","SecondaryAttribute":"13","TertiaryAttribute":null,"Payload":null},{"SurveyID":"SV_5jLUr1d1F0v3G8m","Element":"RS","PrimaryAttribute":"RS_1MsRiifawov6MjI","SecondaryAttribute":null,"TertiaryAttribute":null,"Payload":null},{"SurveyID":"SV_5jLUr1d1F0v3G8m","Element":"SCO","PrimaryAttribute":"Scoring","SecondaryAttribute":null,"TertiaryAttribute":null,"Payload":{"ScoringCategories":[],"ScoringCategoryGroups":[],"ScoringSummaryCategory":null,"ScoringSummaryAfterQuestions":0,"ScoringSummaryAfterSurvey":0,"DefaultScoringCategory":null,"AutoScoringCategory":null}},{"SurveyID":"SV_5jLUr1d1F0v3G8m","Element":"SO","PrimaryAttribute":"Survey Options","SecondaryAttribute":null,"TertiaryAttribute":null,"Payload":{"BackButton":"true","SaveAndContinue":"true","SurveyProtection":"PublicSurvey","BallotBoxStuffingPrevention":"false","NoIndex":"Yes","SecureResponseFiles":"true","SurveyExpiration":"None","SurveyTermination":"DefaultMessage","Header":"","Footer":"","ProgressBarDisplay":"None","PartialData":"+1 week","ValidationMessage":null,"PreviousButton":" \u2190 ","NextButton":" \u2192 ","SurveyTitle":"Qualtrics Survey | Qualtrics Experience Management","SkinLibrary":"rowan","SkinType":"MQ","Skin":"rowan1","NewScoring":1,"SurveyMetaDescription":"The most powerful, simple and trusted way to gather experience data. Start your journey to experience management and try a free account today.","ProtectSelectionIds":true,"previousButtonLid":"","previousButtonMid":"","EOSMessage":null,"ShowExportTags":"false","CollectGeoLocation":"false","PasswordProtection":"No","AnonymizeResponse":"No","RefererCheck":"No","BallotBoxStuffingPreventionBehavior":null,"BallotBoxStuffingPreventionMessage":null,"BallotBoxStuffingPreventionMessageLibrary":null,"BallotBoxStuffingPreventionURL":null,"RecaptchaV3":"false","ConfirmStart":false,"AutoConfirmStart":false,"RelevantID":"false","RelevantIDLockoutPeriod":"+30 days","UseCustomSurveyLinkCompletedMessage":null,"SurveyLinkCompletedMessage":null,"SurveyLinkCompletedMessageLibrary":null,"ResponseSummary":"No","EOSMessageLibrary":null,"EOSRedirectURL":null,"EmailThankYou":"false","ThankYouEmailMessageLibrary":null,"ThankYouEmailMessage":null,"ValidateMessage":"false","ValidationMessageLibrary":null,"InactiveSurvey":"DefaultMessage","PartialDeletion":null,"PartialDataCloseAfter":"LastActivity","InactiveMessageLibrary":null,"InactiveMessage":null,"AvailableLanguages":{"EN":[]}}},{"SurveyID":"SV_5jLUr1d1F0v3G8m","Element":"SQ","PrimaryAttribute":"QID10","SecondaryAttribute":"Please enter your Rowan email.","TertiaryAttribute":null,"Payload":{"QuestionText":"Please enter your Rowan email.","DefaultChoices":false,"DataExportTag":"Student Email","QuestionType":"TE","Selector":"SL","Configuration":{"QuestionDescriptionOption":"UseText"},"QuestionDescription":"Please enter your Rowan email.","Validation":{"Settings":{"ForceResponse":"ON","ForceResponseType":"ON","Type":"None"}},"GradingData":[],"Language":[],"NextChoiceId":4,"NextAnswerId":1,"SearchSource":{"AllowFreeResponse":"false"},"QuestionID":"QID10","DataVisibility":{"Private":false,"Hidden":false}}},{"SurveyID":"SV_5jLUr1d1F0v3G8m","Element":"SQ","PrimaryAttribute":"QID11","SecondaryAttribute":"\u00a0 \u00a0 \u00a0 \u00a0 \u00a0 \u00a0 \u00a0 Subject: Request for Expedited Detailed Materials Testing Result","TertiaryAttribute":null,"Payload":{"QuestionText":"<img src=\"https:\/\/rowan.co1.qualtrics.com\/CP\/Graphic.php?IM=IM_0qFmViNk2Y3c8yq\" style=\"width: 200px; height: 200px;\" \/>&nbsp; &nbsp; &nbsp; &nbsp; &nbsp; &nbsp; &nbsp; Subject: Request for Expedited Detailed Materials Testing Result","DefaultChoices":false,"DataExportTag":"Subject Line","QuestionType":"DB","Selector":"TB","Configuration":{"QuestionDescriptionOption":"UseText"},"QuestionDescription":"\u00a0 \u00a0 \u00a0 \u00a0 \u00a0 \u00a0 \u00a0 Subject: Request for Expedited Detailed Materials Testing Result","ChoiceOrder":[],"Validation":{"Settings":{"Type":"None"}},"GradingData":[],"Language":[],"NextChoiceId":4,"NextAnswerId":1,"QuestionID":"QID11","DataVisibility":{"Private":false,"Hidden":false}}},{"SurveyID":"SV_5jLUr1d1F0v3G8m","Element":"SQ","PrimaryAttribute":"QID12","SecondaryAttribute":"\u00a0 \u00a0 \u00a0 \u00a0 \u00a0 \u00a0 \u00a0 Subject: RE: Request for Expedited Detailed Materials Testing Results","TertiaryAttribute":null,"Payload":{"QuestionText":"<img src=\"https:\/\/rowan.co1.qualtrics.com\/CP\/Graphic.php?IM=IM_0qFmViNk2Y3c8yq\" style=\"width: 200px; height: 200px;\" \/>&nbsp; &nbsp; &nbsp; &nbsp; &nbsp; &nbsp; &nbsp; Subject: RE: Request for Expedited Detailed Materials Testing Results","DefaultChoices":false,"DataExportTag":"Subject Line 2","QuestionType":"DB","Selector":"TB","DataVisibility":{"Private":false,"Hidden":false},"Configuration":{"QuestionDescriptionOption":"UseText"},"QuestionDescription":"\u00a0 \u00a0 \u00a0 \u00a0 \u00a0 \u00a0 \u00a0 Subject: RE: Request for Expedited Detailed Materials Testing Results","ChoiceOrder":[],"Validation":{"Settings":{"Type":"None"}},"GradingData":[],"Language":[],"NextChoiceId":4,"NextAnswerId":1,"QuestionID":"QID12"}},{"SurveyID":"SV_5jLUr1d1F0v3G8m","Element":"SQ","PrimaryAttribute":"QID13","SecondaryAttribute":"Now that you have made your own personal decision to this request, work with your group to determ...","TertiaryAttribute":null,"Payload":{"QuestionText":"Now that you have made your own personal decision to this request, work with your group to determine how you would like to move forward as a team.&nbsp;","DefaultChoices":false,"DataExportTag":"Instructions GW","QuestionType":"DB","Selector":"TB","Configuration":{"QuestionDescriptionOption":"UseText"},"QuestionDescription":"Now that you have made your own personal decision to this request, work with your group to determ...","ChoiceOrder":[],"Validation":{"Settings":{"Type":"None"}},"GradingData":[],"Language":[],"NextChoiceId":4,"NextAnswerId":1,"QuestionID":"QID13"}},{"SurveyID":"SV_5jLUr1d1F0v3G8m","Element":"SQ","PrimaryAttribute":"QID2","SecondaryAttribute":"What is your name?","TertiaryAttribute":null,"Payload":{"QuestionText":"What is your name?","DefaultChoices":false,"DataExportTag":"Student Name","QuestionType":"TE","Selector":"SL","Configuration":{"QuestionDescriptionOption":"UseText"},"QuestionDescription":"What is your name?","Validation":{"Settings":{"ForceResponse":"ON","ForceResponseType":"ON","Type":"None"}},"GradingData":[],"Language":[],"NextChoiceId":4,"NextAnswerId":1,"SearchSource":{"AllowFreeResponse":"false"},"QuestionID":"QID2","DataVisibility":{"Private":false,"Hidden":false}}},{"SurveyID":"SV_5jLUr1d1F0v3G8m","Element":"SQ","PrimaryAttribute":"QID3","SecondaryAttribute":"Dear ${q:\/\/QID2\/ChoiceTextEntryValue}, As you may recall, we previously agreed upon a deadline fo...","TertiaryAttribute":null,"Payload":{"QuestionText":"Dear ${q:\/\/QID2\/ChoiceTextEntryValue},<br>\n<br>\nAs you may recall, we previously agreed upon a deadline for receiving the detailed materials testing report in approximately 2 weeks time. However, due to recent developments and an increased urgency to evaluate the progress of the project, I kindly request that you expedite the delivery of the report on the results of your materials testing, a small section of the final IMRAD report deliverable.<br>\n<br>\nGiven the significance of the tires in ensuring the performance, safety, and overall success of the project, it is crucial that we have access to the detailed design report earlier than initially planned. To facilitate our decision-making process and to provide necessary feedback at the earliest opportunity, <u><strong>I kindly request that you aim to deliver the results section of the IMRAD report on the rubber samples within the next week<\/strong><\/u>. Please note, this <i>does not<\/i> need to be the final version which you will submit along with the full report at the previously agreed upon due date. This accelerated timeline will enable us to thoroughly review the report, assess its alignment with project objectives, and address any potential concerns or modifications that may arise.<br>\n<br>\nI understand that this request may require additional effort and commitment from you and your team. However, your timely delivery of the results report would greatly contribute to the efficiency of our project and instill confidence among all stakeholders involved.<br>\n<br>\nThank you very much for your understanding and consideration of this request. Your dedication and expertise are vital to our collective pursuit of a successful outcome.<br>\n<br>\nKind regards,<br>\n<br>\nBen<br>\n<i>Investment Maker, Money Maker<br>\nInvestment Bros. LLC.<\/i>","DefaultChoices":false,"DataExportTag":"Question","QuestionType":"DB","Selector":"TB","Configuration":{"QuestionDescriptionOption":"UseText"},"QuestionDescription":"Dear ${q:\/\/QID2\/ChoiceTextEntryValue}, As you may recall, we previously agreed upon a deadline fo...","ChoiceOrder":[],"Validation":{"Settings":{"Type":"None"}},"GradingData":[],"Language":[],"NextChoiceId":4,"NextAnswerId":1,"QuestionID":"QID3","DataVisibility":{"Private":false,"Hidden":false}}},{"SurveyID":"SV_5jLUr1d1F0v3G8m","Element":"SQ","PrimaryAttribute":"QID4","SecondaryAttribute":"How will you choose to address Ben's request?","TertiaryAttribute":null,"Payload":{"QuestionText":"How will you choose to address Ben's request?","DefaultChoices":false,"DataExportTag":"Choice MC (L\/T)","QuestionType":"MC","Selector":"SAVR","SubSelector":"TX","Configuration":{"QuestionDescriptionOption":"UseText"},"QuestionDescription":"How will you choose to address Ben's request?","Choices":{"1":{"Display":"Choose to submit a draft of the results of the materials testing portion of the IMRAD report 1 week early.<br \/>\n<br \/>\nThis will allow your investor to have more time to review the results and discuss with other collaborators on the project. This could help support successful iteration on the corporate end."},"2":{"Display":"Choose to not submit a draft of the results of the materials testing portion of the IMRAD report 1 week early.<br \/>\n<br \/>\nThis won&#39;t effect your project timeline."}},"ChoiceOrder":[1,2],"Validation":{"Settings":{"ForceResponse":"ON","ForceResponseType":"ON","Type":"None"}},"GradingData":[],"Language":[],"NextChoiceId":7,"NextAnswerId":1,"QuestionID":"QID4","DataVisibility":{"Private":false,"Hidden":false}}},{"SurveyID":"SV_5jLUr1d1F0v3G8m","Element":"SQ","PrimaryAttribute":"QID5","SecondaryAttribute":"Please write your response to Ben below.","TertiaryAttribute":null,"Payload":{"QuestionText":"Please write your response to Ben below.","DefaultChoices":false,"DataExportTag":"Response","QuestionType":"TE","Selector":"ESTB","Configuration":{"QuestionDescriptionOption":"UseText","InputWidth":680,"InputHeight":240},"QuestionDescription":"Please write your response to Ben below.","Validation":{"Settings":{"ForceResponse":"OFF","Type":"None"}},"GradingData":[],"Language":[],"NextChoiceId":4,"NextAnswerId":1,"SearchSource":{"AllowFreeResponse":"false"},"QuestionID":"QID5","DataVisibility":{"Private":false,"Hidden":false}}},{"SurveyID":"SV_5jLUr1d1F0v3G8m","Element":"SQ","PrimaryAttribute":"QID6","SecondaryAttribute":"Hello ${q:\/\/QID2\/ChoiceTextEntryValue}, Thank you so much for your prompt response. I appreciate...","TertiaryAttribute":null,"Payload":{"QuestionText":"Hello ${q:\/\/QID2\/ChoiceTextEntryValue},<br>\n<br>\nThank you so much for your prompt response. I appreciate you being able to expedite the timeline on the results section of the report. I know this will add to you and your team's plate, but this will greatly help me understand what our data is showing as we get ready to move forward with the next stages of this project.&nbsp;<br>\n<br>\nThank you for your time,&nbsp;<br>\n<br>\nBen<br>\n<i>Investment Maker, Money Maker<br>\nInvestment Bros. LLC.<\/i>","DefaultChoices":false,"DataExportTag":"IF Choice A","QuestionType":"DB","Selector":"TB","Configuration":{"QuestionDescriptionOption":"UseText"},"QuestionDescription":"Hello ${q:\/\/QID2\/ChoiceTextEntryValue}, Thank you so much for your prompt response. I appreciate...","ChoiceOrder":[],"Validation":{"Settings":{"Type":"None"}},"GradingData":[],"Language":[],"NextChoiceId":4,"NextAnswerId":1,"QuestionID":"QID6","DisplayLogic":{"0":{"0":{"ChoiceLocator":"q:\/\/QID4\/SelectableChoice\/1","Description":"<span class=\"ConjDesc\">If<\/span> <span class=\"QuestionDesc\">How will you choose to address Ben's request?<\/span> <span class=\"LeftOpDesc\">Choose to submit a draft of the results of the materials testing portion of the IMRAD report 1 week early.&lt;br \/&gt;\n&lt;br \/&gt;\nThis will allow your investor to have more time to review the results and discuss with other collaborators on the project. This could help support successful iteration on the corporate end.<\/span> <span class=\"OpDesc\">Is Selected<\/span> ","LeftOperand":"q:\/\/QID4\/SelectableChoice\/1","LogicType":"Question","Operator":"Selected","QuestionID":"QID4","QuestionIDFromLocator":"QID4","QuestionIsInLoop":"no","Type":"Expression"},"Type":"If"},"Type":"BooleanExpression","inPage":false},"DataVisibility":{"Private":false,"Hidden":false}}},{"SurveyID":"SV_5jLUr1d1F0v3G8m","Element":"SQ","PrimaryAttribute":"QID7","SecondaryAttribute":"Dear ${q:\/\/QID2\/ChoiceTextEntryValue}, That is unfortunate to hear. As the investor on the projec...","TertiaryAttribute":null,"Payload":{"QuestionText":"Dear ${q:\/\/QID2\/ChoiceTextEntryValue},<br>\n<br>\nThat is unfortunate to hear. As the investor on the project, I was hoping you would be able to keep me more in the loop, even if that means pushing forward some timelines. However, I do understand that you are working your hardest to get done what is already on your plate.&nbsp;<br>\n<br>\nThanks for your time in consideration. I will be in touch.<br>\n<br>\nBen<br>\n<i>Investment Maker, Money Maker<br>\nInvestment Bros. LLC.<\/i>","DefaultChoices":false,"DataExportTag":"IF Choice B","QuestionType":"DB","Selector":"TB","Configuration":{"QuestionDescriptionOption":"UseText"},"QuestionDescription":"Dear ${q:\/\/QID2\/ChoiceTextEntryValue}, That is unfortunate to hear. As the investor on the projec...","ChoiceOrder":[],"Validation":{"Settings":{"Type":"None"}},"GradingData":[],"Language":[],"NextChoiceId":4,"NextAnswerId":1,"QuestionID":"QID7","DisplayLogic":{"0":{"0":{"ChoiceLocator":"q:\/\/QID4\/SelectableChoice\/2","Description":"<span class=\"ConjDesc\">If<\/span> <span class=\"QuestionDesc\">How will you choose to address Ben's request?<\/span> <span class=\"LeftOpDesc\">Choose to not submit a draft of the results of the materials testing portion of the IMRAD report 1 week early.&lt;br \/&gt;\n&lt;br \/&gt;\nThis won&amp;#39;t effect your project timeline.<\/span> <span class=\"OpDesc\">Is Selected<\/span> ","LeftOperand":"q:\/\/QID4\/SelectableChoice\/2","LogicType":"Question","Operator":"Selected","QuestionID":"QID4","QuestionIDFromLocator":"QID4","QuestionIsInLoop":"no","Type":"Expression"},"Type":"If"},"Type":"BooleanExpression","inPage":false},"DataVisibility":{"Private":false,"Hidden":false}}},{"SurveyID":"SV_5jLUr1d1F0v3G8m","Element":"SQ","PrimaryAttribute":"QID9","SecondaryAttribute":"Please log into Meals on Mini Wheels' email system by logging in with your credentials below","TertiaryAttribute":null,"Payload":{"QuestionText":"Please log into Meals on Mini Wheels' email system by logging in with your credentials below","DefaultChoices":false,"DataExportTag":"Log-in Prompt","QuestionType":"DB","Selector":"TB","Configuration":{"QuestionDescriptionOption":"UseText"},"QuestionDescription":"Please log into Meals on Mini Wheels' email system by logging in with your credentials below","ChoiceOrder":[],"Validation":{"Settings":{"Type":"None"}},"GradingData":[],"Language":[],"NextChoiceId":4,"NextAnswerId":1,"QuestionID":"QID9","DataVisibility":{"Private":false,"Hidden":false}}},{"SurveyID":"SV_5jLUr1d1F0v3G8m","Element":"STAT","PrimaryAttribute":"Survey Statistics","SecondaryAttribute":null,"TertiaryAttribute":null,"Payload":{"MobileCompatible":true,"ID":"Survey Statistics"}}]}