{"SurveyEntry":{"SurveyID":"SV_5A4XOJidKYEUonk","SurveyName":"Rubber Project - Judgment 1","SurveyDescription":null,"SurveyOwnerID":"UR_cu5iCbe0j1367lQ","SurveyBrandID":"rowan","DivisionID":null,"SurveyLanguage":"EN","SurveyActiveResponseSet":"RS_6RxF0mjt81zzXVk","SurveyStatus":"Inactive","SurveyStartDate":"0000-00-00 00:00:00","SurveyExpirationDate":"0000-00-00 00:00:00","SurveyCreationDate":"2023-07-31 07:34:47","CreatorID":"UR_cu5iCbe0j1367lQ","LastModified":"2025-04-08 07:49:55","LastAccessed":"0000-00-00 00:00:00","LastActivated":"2023-08-02 09:04:01","Deleted":null},"SurveyElements":[{"SurveyID":"SV_5A4XOJidKYEUonk","Element":"BL","PrimaryAttribute":"Survey Blocks","SecondaryAttribute":null,"TertiaryAttribute":null,"Payload":[{"Type":"Default","Description":"Student Identification","ID":"BL_5C6180U5L0RrAsS","BlockElements":[{"Type":"Question","QuestionID":"QID9"},{"Type":"Question","QuestionID":"QID2"},{"Type":"Question","QuestionID":"QID10"}]},{"Type":"Trash","Description":"Trash \/ Unused Questions","ID":"BL_byLygsjnGgb5HcG","BlockElements":[]},{"Type":"Standard","SubType":"","Description":"Email Prompt","ID":"BL_cNk8vysyAtnaZ3o","BlockElements":[{"Type":"Question","QuestionID":"QID11"},{"Type":"Question","QuestionID":"QID3"}]},{"Type":"Standard","SubType":"","Description":"Character Reply","ID":"BL_3ye07hYwqAVpFbM","BlockElements":[{"Type":"Question","QuestionID":"QID12"},{"Type":"Question","QuestionID":"QID6"},{"Type":"Question","QuestionID":"QID7"}]},{"Type":"Standard","SubType":"","Description":"Choice (Relationships vs Leadership)","ID":"BL_4Z8dS25LYBF8BqS","BlockElements":[{"Type":"Question","QuestionID":"QID4"},{"Type":"Question","QuestionID":"QID5"}]}]},{"SurveyID":"SV_5A4XOJidKYEUonk","Element":"FL","PrimaryAttribute":"Survey Flow","SecondaryAttribute":null,"TertiaryAttribute":null,"Payload":{"Flow":[{"ID":"BL_5C6180U5L0RrAsS","Type":"Block","FlowID":"FL_2"},{"ID":"BL_cNk8vysyAtnaZ3o","Type":"Standard","FlowID":"FL_3"},{"ID":"BL_4Z8dS25LYBF8BqS","Type":"Standard","FlowID":"FL_5"},{"ID":"BL_3ye07hYwqAVpFbM","Type":"Standard","FlowID":"FL_4"}],"Properties":{"Count":5},"FlowID":"FL_1","Type":"Root"}},{"SurveyID":"SV_5A4XOJidKYEUonk","Element":"PL","PrimaryAttribute":"Preview Link","SecondaryAttribute":null,"TertiaryAttribute":null,"Payload":{"PreviewType":"Brand","PreviewID":"abd6f4e6-bd36-499d-a57b-a86fa5e11e10"}},{"SurveyID":"SV_5A4XOJidKYEUonk","Element":"PROJ","PrimaryAttribute":"CORE","SecondaryAttribute":null,"TertiaryAttribute":"1.1.0","Payload":{"ProjectCategory":"CORE","SchemaVersion":"1.1.0"}},{"SurveyID":"SV_5A4XOJidKYEUonk","Element":"QC","PrimaryAttribute":"Survey Question Count","SecondaryAttribute":"12","TertiaryAttribute":null,"Payload":null},{"SurveyID":"SV_5A4XOJidKYEUonk","Element":"RS","PrimaryAttribute":"RS_6RxF0mjt81zzXVk","SecondaryAttribute":null,"TertiaryAttribute":null,"Payload":null},{"SurveyID":"SV_5A4XOJidKYEUonk","Element":"SCO","PrimaryAttribute":"Scoring","SecondaryAttribute":null,"TertiaryAttribute":null,"Payload":{"ScoringCategories":[],"ScoringCategoryGroups":[],"ScoringSummaryCategory":null,"ScoringSummaryAfterQuestions":0,"ScoringSummaryAfterSurvey":0,"DefaultScoringCategory":null,"AutoScoringCategory":null}},{"SurveyID":"SV_5A4XOJidKYEUonk","Element":"SO","PrimaryAttribute":"Survey Options","SecondaryAttribute":null,"TertiaryAttribute":null,"Payload":{"BackButton":"false","SaveAndContinue":"true","SurveyProtection":"PublicSurvey","BallotBoxStuffingPrevention":"false","NoIndex":"Yes","SecureResponseFiles":"true","SurveyExpiration":"None","SurveyTermination":"DefaultMessage","Header":"","Footer":"","ProgressBarDisplay":"VerboseText","PartialData":"+1 week","ValidationMessage":"","PreviousButton":"","NextButton":" \u2192 ","SurveyTitle":"Qualtrics Survey | Qualtrics Experience Management","SkinLibrary":"rowan","SkinType":"MQ","Skin":"rowan1","NewScoring":1,"SurveyMetaDescription":"The most powerful, simple and trusted way to gather experience data. Start your journey to experience management and try a free account today.","ProtectSelectionIds":true}},{"SurveyID":"SV_5A4XOJidKYEUonk","Element":"SQ","PrimaryAttribute":"QID10","SecondaryAttribute":"Please enter your Rowan email.","TertiaryAttribute":null,"Payload":{"QuestionText":"Please enter your Rowan email.","DefaultChoices":false,"DataExportTag":"Student Email","QuestionType":"TE","Selector":"SL","Configuration":{"QuestionDescriptionOption":"UseText"},"QuestionDescription":"Please enter your Rowan email.","Validation":{"Settings":{"ForceResponse":"ON","ForceResponseType":"ON","Type":"None"}},"GradingData":[],"Language":[],"NextChoiceId":4,"NextAnswerId":1,"SearchSource":{"AllowFreeResponse":"false"},"QuestionID":"QID10","DataVisibility":{"Private":false,"Hidden":false}}},{"SurveyID":"SV_5A4XOJidKYEUonk","Element":"SQ","PrimaryAttribute":"QID11","SecondaryAttribute":"\u00a0 \u00a0 \u00a0 \u00a0 \u00a0 \u00a0 \u00a0 Subject: Focus Group Fail!","TertiaryAttribute":null,"Payload":{"QuestionText":"<img src=\"https:\/\/rowan.co1.qualtrics.com\/CP\/Graphic.php?IM=IM_3ICel8gGyonJNB4\" style=\"width: 200px; height: 200px;\" \/>&nbsp; &nbsp; &nbsp; &nbsp; &nbsp; &nbsp; &nbsp; Subject: Focus Group Fail!","DefaultChoices":false,"DataExportTag":"Subject Line","QuestionType":"DB","Selector":"TB","Configuration":{"QuestionDescriptionOption":"UseText"},"QuestionDescription":"\u00a0 \u00a0 \u00a0 \u00a0 \u00a0 \u00a0 \u00a0 Subject: Focus Group Fail!","ChoiceOrder":[],"Validation":{"Settings":{"Type":"None"}},"GradingData":[],"Language":[],"NextChoiceId":4,"NextAnswerId":1,"QuestionID":"QID11","DataVisibility":{"Private":false,"Hidden":false}}},{"SurveyID":"SV_5A4XOJidKYEUonk","Element":"SQ","PrimaryAttribute":"QID12","SecondaryAttribute":"\u00a0 \u00a0 \u00a0 \u00a0 \u00a0 \u00a0 \u00a0 Subject: RE: Focus Group Fail!","TertiaryAttribute":null,"Payload":{"QuestionText":"<img src=\"https:\/\/rowan.co1.qualtrics.com\/CP\/Graphic.php?IM=IM_3ICel8gGyonJNB4\" style=\"width: 200px; height: 200px;\" \/>&nbsp; &nbsp; &nbsp; &nbsp; &nbsp; &nbsp; &nbsp; Subject: RE: Focus Group Fail!","DefaultChoices":false,"DataExportTag":"Subject Line 2","QuestionType":"DB","Selector":"TB","DataVisibility":{"Private":false,"Hidden":false},"Configuration":{"QuestionDescriptionOption":"UseText"},"QuestionDescription":"\u00a0 \u00a0 \u00a0 \u00a0 \u00a0 \u00a0 \u00a0 Subject: RE: Focus Group Fail!","ChoiceOrder":[],"Validation":{"Settings":{"Type":"None"}},"GradingData":[],"Language":[],"NextChoiceId":4,"NextAnswerId":1,"QuestionID":"QID12"}},{"SurveyID":"SV_5A4XOJidKYEUonk","Element":"SQ","PrimaryAttribute":"QID2","SecondaryAttribute":"What is your name?","TertiaryAttribute":null,"Payload":{"QuestionText":"What is your name?","DefaultChoices":false,"DataExportTag":"Student Name","QuestionType":"TE","Selector":"SL","Configuration":{"QuestionDescriptionOption":"UseText"},"QuestionDescription":"What is your name?","Validation":{"Settings":{"ForceResponse":"ON","ForceResponseType":"ON","Type":"None"}},"GradingData":[],"Language":[],"NextChoiceId":4,"NextAnswerId":1,"SearchSource":{"AllowFreeResponse":"false"},"QuestionID":"QID2","DataVisibility":{"Private":false,"Hidden":false}}},{"SurveyID":"SV_5A4XOJidKYEUonk","Element":"SQ","PrimaryAttribute":"QID3","SecondaryAttribute":"Dear ${q:\/\/QID2\/ChoiceTextEntryValue}, What's up! I hope you are having a totally tubular day tod...","TertiaryAttribute":null,"Payload":{"QuestionText":"Dear ${q:\/\/QID2\/ChoiceTextEntryValue},<br>\n<br>\nWhat's up! I hope you are having a totally tubular day today.<br>\n<br>\nI wanted to give you an update on one of the tasks I was responsible for: organizing a focus group of potential customers here at Rowan. Unfortunately, several students who were invited to participate in the focus group have not responded or RSVPed (so lame, right?). This makes me feel like moving forward with the focus group as is may waste everyone's time, and I don't like it when people are mad at me!<br>\n<br>\nSince you were once a Rowan student yourself, I was thinking that we don't <em>really<\/em> need a focus group for this, right? You already know what college students need. You would really be doing me a solid by letting me off the hook on this one!&nbsp;<br>\n<br>\nLet me know if you're cool with me not rescheduling this!<br>\n<br>\nOver and out,<br>\n<br>\nJoey<br>\n<em>Rowan SGA Rep.&nbsp;<br>\nRowan Public Relations 2026<\/em>","DefaultChoices":false,"DataExportTag":"Question","QuestionType":"DB","Selector":"TB","Configuration":{"QuestionDescriptionOption":"UseText"},"QuestionDescription":"Dear ${q:\/\/QID2\/ChoiceTextEntryValue}, What's up! I hope you are having a totally tubular day tod...","ChoiceOrder":[],"Validation":{"Settings":{"Type":"None"}},"GradingData":[],"Language":[],"NextChoiceId":4,"NextAnswerId":1,"QuestionID":"QID3","DataVisibility":{"Private":false,"Hidden":false}}},{"SurveyID":"SV_5A4XOJidKYEUonk","Element":"SQ","PrimaryAttribute":"QID4","SecondaryAttribute":"How will you choose to address Joey's request?","TertiaryAttribute":null,"Payload":{"QuestionText":"How will you choose to address Joey's request?","DefaultChoices":false,"DataExportTag":"Choice MC (R\/L)","QuestionType":"MC","Selector":"SAVR","SubSelector":"TX","Configuration":{"QuestionDescriptionOption":"UseText"},"QuestionDescription":"How will you choose to address Joey's request?","Choices":{"1":{"Display":"Choose to tell student that they don&#39;t have to reschedule the focus group.<br \/>\n<br \/>\nThis won&#39;t have any direct effect on your project, but you have to rely on your own experience to guide you through the design process."},"2":{"Display":"Choose to tell the student that they need to reschedule the focus group.<br \/>\n<br \/>\nThis won&#39;t have any direct effect on your project, but now you know that you have taken the opportunity to hear out the needs of your future customer-base."}},"ChoiceOrder":[1,2],"Validation":{"Settings":{"ForceResponse":"ON","ForceResponseType":"ON","Type":"None"}},"GradingData":[],"Language":[],"NextChoiceId":5,"NextAnswerId":1,"QuestionID":"QID4","DataVisibility":{"Private":false,"Hidden":false}}},{"SurveyID":"SV_5A4XOJidKYEUonk","Element":"SQ","PrimaryAttribute":"QID5","SecondaryAttribute":"Please write your response to Joey below.","TertiaryAttribute":null,"Payload":{"QuestionText":"Please write your response to Joey below.","DefaultChoices":false,"DataExportTag":"Response","QuestionType":"TE","Selector":"ESTB","Configuration":{"QuestionDescriptionOption":"UseText","InputWidth":680,"InputHeight":240},"QuestionDescription":"Please write your response to Joey below.","Validation":{"Settings":{"ForceResponse":"OFF","Type":"None"}},"GradingData":[],"Language":[],"NextChoiceId":4,"NextAnswerId":1,"SearchSource":{"AllowFreeResponse":"false"},"QuestionID":"QID5","DataVisibility":{"Private":false,"Hidden":false}}},{"SurveyID":"SV_5A4XOJidKYEUonk","Element":"SQ","PrimaryAttribute":"QID6","SecondaryAttribute":"Heyo, That is fantastic news! Thank you for letting me off the hook on this one. Now I can put my...","TertiaryAttribute":null,"Payload":{"QuestionText":"Heyo,<br>\n<br>\nThat is fantastic news! Thank you for letting me off the hook on this one. Now I can put my focus back on my studies (the amount of homework I have is simply bananas). I'll be in touch if any other opportunities on the consumer end come my way!<br>\n<br>\nStay awesome,<br>\n<br>\nJoey<br>\n<em>Rowan&nbsp;SGA Rep.<br>\nRowan Public Relations 2026<\/em>","DefaultChoices":false,"DataExportTag":"IF Choice A","QuestionType":"DB","Selector":"TB","Configuration":{"QuestionDescriptionOption":"UseText"},"QuestionDescription":"Heyo, That is fantastic news! Thank you for letting me off the hook on this one. Now I can put my...","ChoiceOrder":[],"Validation":{"Settings":{"Type":"None"}},"GradingData":[],"Language":[],"NextChoiceId":4,"NextAnswerId":1,"QuestionID":"QID6","DisplayLogic":{"0":{"0":{"ChoiceLocator":"q:\/\/QID4\/SelectableChoice\/1","Description":"<span class=\"ConjDesc\">If<\/span> <span class=\"QuestionDesc\">How will you choose to address Joey's request?<\/span> <span class=\"LeftOpDesc\">Choose to tell student that they don&amp;#39;t have to reschedule the focus group.&lt;br \/&gt;\n&lt;br \/&gt;\nThis won&amp;#39;t have any direct effect on your project, but you have to rely on your own experience to guide you through the design process.<\/span> <span class=\"OpDesc\">Is Selected<\/span> ","LeftOperand":"q:\/\/QID4\/SelectableChoice\/1","LogicType":"Question","Operator":"Selected","QuestionID":"QID4","QuestionIDFromLocator":"QID4","QuestionIsInLoop":"no","Type":"Expression"},"Type":"If"},"Type":"BooleanExpression","inPage":false},"DataVisibility":{"Private":false,"Hidden":false}}},{"SurveyID":"SV_5A4XOJidKYEUonk","Element":"SQ","PrimaryAttribute":"QID7","SecondaryAttribute":"Hi, Bummer you couldn't let me off the hook with this one. I understand that you need the data fr...","TertiaryAttribute":null,"Payload":{"QuestionText":"Hi,<br>\n<br>\nBummer you couldn't let me off the hook with this one. I understand that you need the data from the customer perspective. I just have so many other things on my plate that it might take me a little while to reorganize...<br>\n<br>\nAnyway, thanks for the response. Talk soon!<br>\n<br>\nCheers,<br>\n<br>\nJoey<br><i>Rowan SGA Rep.<br>Rowan Public Relations 2026<\/i><br>","DefaultChoices":false,"DataExportTag":"IF Choice B","QuestionType":"DB","Selector":"TB","Configuration":{"QuestionDescriptionOption":"UseText"},"QuestionDescription":"Hi, Bummer you couldn't let me off the hook with this one. I understand that you need the data fr...","ChoiceOrder":[],"Validation":{"Settings":{"Type":"None"}},"GradingData":[],"Language":[],"NextChoiceId":4,"NextAnswerId":1,"QuestionID":"QID7","DisplayLogic":{"0":{"0":{"ChoiceLocator":"q:\/\/QID4\/SelectableChoice\/2","Description":"<span class=\"ConjDesc\">If<\/span> <span class=\"QuestionDesc\">How will you choose to address Joey's request?<\/span> <span class=\"LeftOpDesc\">Choose to tell the student that they need to reschedule the focus group.&lt;br \/&gt;\n&lt;br \/&gt;\nThis won&amp;#39;t have any direct effect on your project, but now you know that you have taken the opportunity to hear out the needs of your future customer-base.<\/span> <span class=\"OpDesc\">Is Selected<\/span> ","LeftOperand":"q:\/\/QID4\/SelectableChoice\/2","LogicType":"Question","Operator":"Selected","QuestionID":"QID4","QuestionIDFromLocator":"QID4","QuestionIsInLoop":"no","Type":"Expression"},"Type":"If"},"Type":"BooleanExpression","inPage":false},"DataVisibility":{"Private":false,"Hidden":false}}},{"SurveyID":"SV_5A4XOJidKYEUonk","Element":"SQ","PrimaryAttribute":"QID9","SecondaryAttribute":"Please log into Meals on Mini Wheels' email system by logging in with your credentials below","TertiaryAttribute":null,"Payload":{"QuestionText":"Please log into Meals on Mini Wheels' email system by logging in with your credentials below","DefaultChoices":false,"DataExportTag":"Log-in Prompt","QuestionType":"DB","Selector":"TB","Configuration":{"QuestionDescriptionOption":"UseText"},"QuestionDescription":"Please log into Meals on Mini Wheels' email system by logging in with your credentials below","ChoiceOrder":[],"Validation":{"Settings":{"Type":"None"}},"GradingData":[],"Language":[],"NextChoiceId":4,"NextAnswerId":1,"QuestionID":"QID9","DataVisibility":{"Private":false,"Hidden":false}}},{"SurveyID":"SV_5A4XOJidKYEUonk","Element":"STAT","PrimaryAttribute":"Survey Statistics","SecondaryAttribute":null,"TertiaryAttribute":null,"Payload":{"MobileCompatible":true,"ID":"Survey Statistics"}}]}